
Microsoft Visual Studio Solution File, Format Version 12.00
# Visual Studio Version 17
VisualStudioVersion = 17.4.33122.133
MinimumVisualStudioVersion = 10.0.40219.1
Project("{FAE04EC0-301F-11D3-BF4B-00C04F79EFBC}") = "ProgrammingAssignment4", "ProgrammingAssignment4\ProgrammingAssignment4.csproj", "{8881C1BF-2214-4166-A4AA-B63035671214}"
EndProject
Global
	GlobalSection(SolutionConfigurationPlatforms) = preSolution
		Debug|Any CPU = Debug|Any CPU
		Release|Any CPU = Release|Any CPU
	EndGlobalSection
	GlobalSection(ProjectConfigurationPlatforms) = postSolution
		{8881C1BF-2214-4166-A4AA-B63035671214}.Debug|Any CPU.ActiveCfg = Debug|Any CPU
		{8881C1BF-2214-4166-A4AA-B63035671214}.Debug|Any CPU.Build.0 = Debug|Any CPU
		{8881C1BF-2214-4166-A4AA-B63035671214}.Release|Any CPU.ActiveCfg = Release|Any CPU
		{8881C1BF-2214-4166-A4AA-B63035671214}.Release|Any CPU.Build.0 = Release|Any CPU
	EndGlobalSection
	GlobalSection(SolutionProperties) = preSolution
		HideSolutionNode = FALSE
	EndGlobalSection
	GlobalSection(ExtensibilityGlobals) = postSolution
		SolutionGuid = {5014FCC5-821C-486B-8E83-513B3FB03F04}
	EndGlobalSection
EndGlobal
