
Microsoft Visual Studio Solution File, Format Version 12.00
# Visual Studio Version 17
VisualStudioVersion = 17.4.33122.133
MinimumVisualStudioVersion = 10.0.40219.1
Project("{FAE04EC0-301F-11D3-BF4B-00C04F79EFBC}") = "ProgrammingAssignment3", "ProgrammingAssignment3\ProgrammingAssignment3.csproj", "{FCF65470-CEEF-4C57-96FE-024D857D1C89}"
EndProject
Global
	GlobalSection(SolutionConfigurationPlatforms) = preSolution
		Debug|Any CPU = Debug|Any CPU
		Release|Any CPU = Release|Any CPU
	EndGlobalSection
	GlobalSection(ProjectConfigurationPlatforms) = postSolution
		{FCF65470-CEEF-4C57-96FE-024D857D1C89}.Debug|Any CPU.ActiveCfg = Debug|Any CPU
		{FCF65470-CEEF-4C57-96FE-024D857D1C89}.Debug|Any CPU.Build.0 = Debug|Any CPU
		{FCF65470-CEEF-4C57-96FE-024D857D1C89}.Release|Any CPU.ActiveCfg = Release|Any CPU
		{FCF65470-CEEF-4C57-96FE-024D857D1C89}.Release|Any CPU.Build.0 = Release|Any CPU
	EndGlobalSection
	GlobalSection(SolutionProperties) = preSolution
		HideSolutionNode = FALSE
	EndGlobalSection
	GlobalSection(ExtensibilityGlobals) = postSolution
		SolutionGuid = {1B7CBD0D-8AB8-44F5-B81C-D9216265A117}
	EndGlobalSection
EndGlobal
